
Microsoft Visual Studio Solution File, Format Version 12.00
# Visual Studio Version 16
VisualStudioVersion = 16.0.31321.278
MinimumVisualStudioVersion = 10.0.40219.1
Project("{888888A0-9F3D-457C-B088-3A5042F75D52}") = "android_rootkit", "android_rootkit.pyproj", "{1BFF92D4-9E0B-41E1-A2DB-9C3ABADD48A4}"
EndProject
Global
	GlobalSection(SolutionConfigurationPlatforms) = preSolution
		Debug|Any CPU = Debug|Any CPU
		Release|Any CPU = Release|Any CPU
	EndGlobalSection
	GlobalSection(ProjectConfigurationPlatforms) = postSolution
		{1BFF92D4-9E0B-41E1-A2DB-9C3ABADD48A4}.Debug|Any CPU.ActiveCfg = Debug|Any CPU
		{1BFF92D4-9E0B-41E1-A2DB-9C3ABADD48A4}.Release|Any CPU.ActiveCfg = Release|Any CPU
	EndGlobalSection
	GlobalSection(SolutionProperties) = preSolution
		HideSolutionNode = FALSE
	EndGlobalSection
	GlobalSection(ExtensibilityGlobals) = postSolution
		SolutionGuid = {4B38297F-55AA-4579-B7F7-867FD1D600BF}
	EndGlobalSection
EndGlobal
